
Microsoft Visual Studio Solution File, Format Version 12.00
# Visual Studio Version 17
VisualStudioVersion = 17.5.33516.290
MinimumVisualStudioVersion = 10.0.40219.1
Project("{2150E333-8FDC-42A3-9474-1A3956D46DE8}") = "Services", "Services", "{08E50057-9AA9-470A-8267-4B92C033E673}"
EndProject
Project("{2150E333-8FDC-42A3-9474-1A3956D46DE8}") = "Catalog", "Catalog", "{F3743B40-A704-4874-9BFC-07399E730EED}"
EndProject
Project("{9A19103F-16F7-4668-BE54-9A1E7A4F7556}") = "Kitabist.Catalog", "Services\Catalog\Kitabist.Catalog\Kitabist.Catalog.csproj", "{C327F93B-221E-495B-97D6-63FF026ECE7C}"
EndProject
Project("{2150E333-8FDC-42A3-9474-1A3956D46DE8}") = "Discount", "Discount", "{C7EBB3B3-705C-4C94-A889-8EAA916F3EFF}"
EndProject
Project("{9A19103F-16F7-4668-BE54-9A1E7A4F7556}") = "Kitabist.Discount", "Services\Discount\Kitabist.Discount\Kitabist.Discount.csproj", "{D4C8007F-8B4B-45B0-BD41-2729FBD48675}"
EndProject
Project("{2150E333-8FDC-42A3-9474-1A3956D46DE8}") = "Order", "Order", "{D6181488-4202-419D-A455-7C7F287C46C4}"
EndProject
Project("{9A19103F-16F7-4668-BE54-9A1E7A4F7556}") = "Kitabist.Order.WebAPI", "Services\Order\Kitabist.Order.WebAPI\Kitabist.Order.WebAPI.csproj", "{607ACBB1-6ED9-453C-96EE-451BAEF41F1E}"
EndProject
Project("{9A19103F-16F7-4668-BE54-9A1E7A4F7556}") = "Kitabist.Order.Application", "Services\Order\Kitabist.Order.Application\Kitabist.Order.Application.csproj", "{A1BA91ED-674E-473A-B8B2-1AD735A5109A}"
EndProject
Project("{9A19103F-16F7-4668-BE54-9A1E7A4F7556}") = "Kitabist.Order.Infrastructure", "Services\Order\Kitabist.Order.Infrastructure\Kitabist.Order.Infrastructure.csproj", "{DFA63B22-F5FC-4A37-B2CF-B10AAB565F66}"
EndProject
Project("{9A19103F-16F7-4668-BE54-9A1E7A4F7556}") = "Kitabist.Order.Domain", "Services\Order\Kitabist.Order.Domain\Kitabist.Order.Domain.csproj", "{3F003E9D-6C82-4D3F-BD54-259FE1F2A394}"
EndProject
Project("{2150E333-8FDC-42A3-9474-1A3956D46DE8}") = "IdentityServer", "IdentityServer", "{90D1F506-2DD2-4F82-AC4F-D80AC98E7157}"
EndProject
Project("{9A19103F-16F7-4668-BE54-9A1E7A4F7556}") = "Kitabist.IdentityServer", "IdentityServer\Kitabist.IdentityServer\Kitabist.IdentityServer.csproj", "{AC7B7C2D-02E1-4E92-B356-0028B0285F7B}"
EndProject
Project("{2150E333-8FDC-42A3-9474-1A3956D46DE8}") = "Cargo", "Cargo", "{C1732AC3-88CE-4B16-A792-71A2A4215402}"
EndProject
Project("{FAE04EC0-301F-11D3-BF4B-00C04F79EFBC}") = "Kitabist.Cargo.BusinessLayer", "Services\Cargo\Kitabist.Cargo.BusinessLayer\Kitabist.Cargo.BusinessLayer.csproj", "{EC418155-71FF-4F7B-BD9C-9ED3DB1CCD50}"
EndProject
Project("{FAE04EC0-301F-11D3-BF4B-00C04F79EFBC}") = "Kitabist.Cargo.DataAccessLayer", "Services\Cargo\Kitabist.Cargo.DataAccessLayer\Kitabist.Cargo.DataAccessLayer.csproj", "{8B00EF42-AC94-47FD-B126-9EB87971770A}"
EndProject
Project("{FAE04EC0-301F-11D3-BF4B-00C04F79EFBC}") = "Kitabist.Cargo.EntityLayer", "Services\Cargo\Kitabist.Cargo.EntityLayer\Kitabist.Cargo.EntityLayer.csproj", "{1433314D-E559-42CA-BFC9-B9CBFF1C54A9}"
EndProject
Project("{FAE04EC0-301F-11D3-BF4B-00C04F79EFBC}") = "Kitabist.Cargo.DtoLayer", "Services\Cargo\Kitabist.Cargo.DtoLayer\Kitabist.Cargo.DtoLayer.csproj", "{62119129-B717-4F46-86C8-244987BA4068}"
EndProject
Project("{FAE04EC0-301F-11D3-BF4B-00C04F79EFBC}") = "Kitabist.Cargo.WebAPI", "Services\Cargo\Kitabist.Cargo.WebAPI\Kitabist.Cargo.WebAPI.csproj", "{DB0342F6-5D2C-4748-A9F4-E1FAA46A18CD}"
EndProject
Global
	GlobalSection(SolutionConfigurationPlatforms) = preSolution
		Debug|Any CPU = Debug|Any CPU
		Release|Any CPU = Release|Any CPU
	EndGlobalSection
	GlobalSection(ProjectConfigurationPlatforms) = postSolution
		{C327F93B-221E-495B-97D6-63FF026ECE7C}.Debug|Any CPU.ActiveCfg = Debug|Any CPU
		{C327F93B-221E-495B-97D6-63FF026ECE7C}.Debug|Any CPU.Build.0 = Debug|Any CPU
		{C327F93B-221E-495B-97D6-63FF026ECE7C}.Release|Any CPU.ActiveCfg = Release|Any CPU
		{C327F93B-221E-495B-97D6-63FF026ECE7C}.Release|Any CPU.Build.0 = Release|Any CPU
		{D4C8007F-8B4B-45B0-BD41-2729FBD48675}.Debug|Any CPU.ActiveCfg = Debug|Any CPU
		{D4C8007F-8B4B-45B0-BD41-2729FBD48675}.Debug|Any CPU.Build.0 = Debug|Any CPU
		{D4C8007F-8B4B-45B0-BD41-2729FBD48675}.Release|Any CPU.ActiveCfg = Release|Any CPU
		{D4C8007F-8B4B-45B0-BD41-2729FBD48675}.Release|Any CPU.Build.0 = Release|Any CPU
		{607ACBB1-6ED9-453C-96EE-451BAEF41F1E}.Debug|Any CPU.ActiveCfg = Debug|Any CPU
		{607ACBB1-6ED9-453C-96EE-451BAEF41F1E}.Debug|Any CPU.Build.0 = Debug|Any CPU
		{607ACBB1-6ED9-453C-96EE-451BAEF41F1E}.Release|Any CPU.ActiveCfg = Release|Any CPU
		{607ACBB1-6ED9-453C-96EE-451BAEF41F1E}.Release|Any CPU.Build.0 = Release|Any CPU
		{A1BA91ED-674E-473A-B8B2-1AD735A5109A}.Debug|Any CPU.ActiveCfg = Debug|Any CPU
		{A1BA91ED-674E-473A-B8B2-1AD735A5109A}.Debug|Any CPU.Build.0 = Debug|Any CPU
		{A1BA91ED-674E-473A-B8B2-1AD735A5109A}.Release|Any CPU.ActiveCfg = Release|Any CPU
		{A1BA91ED-674E-473A-B8B2-1AD735A5109A}.Release|Any CPU.Build.0 = Release|Any CPU
		{DFA63B22-F5FC-4A37-B2CF-B10AAB565F66}.Debug|Any CPU.ActiveCfg = Debug|Any CPU
		{DFA63B22-F5FC-4A37-B2CF-B10AAB565F66}.Debug|Any CPU.Build.0 = Debug|Any CPU
		{DFA63B22-F5FC-4A37-B2CF-B10AAB565F66}.Release|Any CPU.ActiveCfg = Release|Any CPU
		{DFA63B22-F5FC-4A37-B2CF-B10AAB565F66}.Release|Any CPU.Build.0 = Release|Any CPU
		{3F003E9D-6C82-4D3F-BD54-259FE1F2A394}.Debug|Any CPU.ActiveCfg = Debug|Any CPU
		{3F003E9D-6C82-4D3F-BD54-259FE1F2A394}.Debug|Any CPU.Build.0 = Debug|Any CPU
		{3F003E9D-6C82-4D3F-BD54-259FE1F2A394}.Release|Any CPU.ActiveCfg = Release|Any CPU
		{3F003E9D-6C82-4D3F-BD54-259FE1F2A394}.Release|Any CPU.Build.0 = Release|Any CPU
		{AC7B7C2D-02E1-4E92-B356-0028B0285F7B}.Debug|Any CPU.ActiveCfg = Debug|Any CPU
		{AC7B7C2D-02E1-4E92-B356-0028B0285F7B}.Debug|Any CPU.Build.0 = Debug|Any CPU
		{AC7B7C2D-02E1-4E92-B356-0028B0285F7B}.Release|Any CPU.ActiveCfg = Release|Any CPU
		{AC7B7C2D-02E1-4E92-B356-0028B0285F7B}.Release|Any CPU.Build.0 = Release|Any CPU
		{EC418155-71FF-4F7B-BD9C-9ED3DB1CCD50}.Debug|Any CPU.ActiveCfg = Debug|Any CPU
		{EC418155-71FF-4F7B-BD9C-9ED3DB1CCD50}.Debug|Any CPU.Build.0 = Debug|Any CPU
		{EC418155-71FF-4F7B-BD9C-9ED3DB1CCD50}.Release|Any CPU.ActiveCfg = Release|Any CPU
		{EC418155-71FF-4F7B-BD9C-9ED3DB1CCD50}.Release|Any CPU.Build.0 = Release|Any CPU
		{8B00EF42-AC94-47FD-B126-9EB87971770A}.Debug|Any CPU.ActiveCfg = Debug|Any CPU
		{8B00EF42-AC94-47FD-B126-9EB87971770A}.Debug|Any CPU.Build.0 = Debug|Any CPU
		{8B00EF42-AC94-47FD-B126-9EB87971770A}.Release|Any CPU.ActiveCfg = Release|Any CPU
		{8B00EF42-AC94-47FD-B126-9EB87971770A}.Release|Any CPU.Build.0 = Release|Any CPU
		{1433314D-E559-42CA-BFC9-B9CBFF1C54A9}.Debug|Any CPU.ActiveCfg = Debug|Any CPU
		{1433314D-E559-42CA-BFC9-B9CBFF1C54A9}.Debug|Any CPU.Build.0 = Debug|Any CPU
		{1433314D-E559-42CA-BFC9-B9CBFF1C54A9}.Release|Any CPU.ActiveCfg = Release|Any CPU
		{1433314D-E559-42CA-BFC9-B9CBFF1C54A9}.Release|Any CPU.Build.0 = Release|Any CPU
		{62119129-B717-4F46-86C8-244987BA4068}.Debug|Any CPU.ActiveCfg = Debug|Any CPU
		{62119129-B717-4F46-86C8-244987BA4068}.Debug|Any CPU.Build.0 = Debug|Any CPU
		{62119129-B717-4F46-86C8-244987BA4068}.Release|Any CPU.ActiveCfg = Release|Any CPU
		{62119129-B717-4F46-86C8-244987BA4068}.Release|Any CPU.Build.0 = Release|Any CPU
		{DB0342F6-5D2C-4748-A9F4-E1FAA46A18CD}.Debug|Any CPU.ActiveCfg = Debug|Any CPU
		{DB0342F6-5D2C-4748-A9F4-E1FAA46A18CD}.Debug|Any CPU.Build.0 = Debug|Any CPU
		{DB0342F6-5D2C-4748-A9F4-E1FAA46A18CD}.Release|Any CPU.ActiveCfg = Release|Any CPU
		{DB0342F6-5D2C-4748-A9F4-E1FAA46A18CD}.Release|Any CPU.Build.0 = Release|Any CPU
	EndGlobalSection
	GlobalSection(SolutionProperties) = preSolution
		HideSolutionNode = FALSE
	EndGlobalSection
	GlobalSection(NestedProjects) = preSolution
		{F3743B40-A704-4874-9BFC-07399E730EED} = {08E50057-9AA9-470A-8267-4B92C033E673}
		{C327F93B-221E-495B-97D6-63FF026ECE7C} = {F3743B40-A704-4874-9BFC-07399E730EED}
		{C7EBB3B3-705C-4C94-A889-8EAA916F3EFF} = {08E50057-9AA9-470A-8267-4B92C033E673}
		{D4C8007F-8B4B-45B0-BD41-2729FBD48675} = {C7EBB3B3-705C-4C94-A889-8EAA916F3EFF}
		{D6181488-4202-419D-A455-7C7F287C46C4} = {08E50057-9AA9-470A-8267-4B92C033E673}
		{607ACBB1-6ED9-453C-96EE-451BAEF41F1E} = {D6181488-4202-419D-A455-7C7F287C46C4}
		{A1BA91ED-674E-473A-B8B2-1AD735A5109A} = {D6181488-4202-419D-A455-7C7F287C46C4}
		{DFA63B22-F5FC-4A37-B2CF-B10AAB565F66} = {D6181488-4202-419D-A455-7C7F287C46C4}
		{3F003E9D-6C82-4D3F-BD54-259FE1F2A394} = {D6181488-4202-419D-A455-7C7F287C46C4}
		{AC7B7C2D-02E1-4E92-B356-0028B0285F7B} = {90D1F506-2DD2-4F82-AC4F-D80AC98E7157}
		{C1732AC3-88CE-4B16-A792-71A2A4215402} = {08E50057-9AA9-470A-8267-4B92C033E673}
		{EC418155-71FF-4F7B-BD9C-9ED3DB1CCD50} = {C1732AC3-88CE-4B16-A792-71A2A4215402}
		{8B00EF42-AC94-47FD-B126-9EB87971770A} = {C1732AC3-88CE-4B16-A792-71A2A4215402}
		{1433314D-E559-42CA-BFC9-B9CBFF1C54A9} = {C1732AC3-88CE-4B16-A792-71A2A4215402}
		{62119129-B717-4F46-86C8-244987BA4068} = {C1732AC3-88CE-4B16-A792-71A2A4215402}
		{DB0342F6-5D2C-4748-A9F4-E1FAA46A18CD} = {C1732AC3-88CE-4B16-A792-71A2A4215402}
	EndGlobalSection
	GlobalSection(ExtensibilityGlobals) = postSolution
		SolutionGuid = {BF5874F7-CA8F-4B3B-8671-0E685CD26705}
	EndGlobalSection
EndGlobal
